{
  "version": 4,
  "terraform_version": "1.6.6",
  "serial": 3,
  "lineage": "9d2f6bc0-8054-4e8a-3222-9b7824040890",
  "outputs": {},
  "resources": [
    {
      "mode": "managed",
      "type": "local_file",
      "name": "sample",
      "provider": "provider[\"registry.terraform.io/hashicorp/local\"]",
      "instances": [
        {
          "schema_version": 0,
          "attributes": {
            "content": "This is a Sample Terraform file!",
            "content_base64": null,
            "content_base64sha256": "5FdZAa/INkUeisti7y2JCsNYAISAlIBIfOPSTBvuSPs=",
            "content_base64sha512": "b4HtS9tO36r8ho5sKyuNcv07Bl5gLtRjBt0USf41zOUlb6kJlLvXmE6ksd0OBuJYYNmQk6qry0E9plCDx60HaQ==",
            "content_md5": "c4318a0b4f2be4800128577716af19b7",
            "content_sha1": "75f8f2f75f59db7af776a72e803a34b5b8a4f1d1",
            "content_sha256": "e4575901afc836451e8acb62ef2d890ac3580084809480487ce3d24c1bee48fb",
            "content_sha512": "6f81ed4bdb4edfaafc868e6c2b2b8d72fd3b065e602ed46306dd1449fe35cce5256fa90994bbd7984ea4b1dd0e06e25860d99093aaabcb413da65083c7ad0769",
            "directory_permission": "0777",
            "file_permission": "0777",
            "filename": "./sample.txt",
            "id": "75f8f2f75f59db7af776a72e803a34b5b8a4f1d1",
            "sensitive_content": null,
            "source": null
          },
          "sensitive_attributes": []
        }
      ]
    }
  ],
  "check_results": null
}
